{
  "requires": true,
  "lockfileVersion": 1,
  "dependencies": {
    "@improbable-eng/grpc-web": {
      "version": "0.11.0",
      "resolved": "https://registry.npmjs.org/@improbable-eng/grpc-web/-/grpc-web-0.11.0.tgz",
      "integrity": "sha512-SS2YP6iHyZ7TSSuCShnSo9xJyUkNZHEhEPJpTSUcNoULe1LuLEk52OKHY+VW9XB0qXstejpHgZq2Hx+69PThiw==",
      "requires": {
        "browser-headers": "^0.4.0"
      }
    },
    "async-limiter": {
      "version": "1.0.1",
      "resolved": "https://registry.npmjs.org/async-limiter/-/async-limiter-1.0.1.tgz",
      "integrity": "sha512-csOlWGAcRFJaI6m+F2WKdnMKr4HhdhFVBk0H/QbJFMCr+uO2kwohwXQPxw/9OCxp05r5ghVBFSyioixx3gfkNQ=="
    },
    "browser-headers": {
      "version": "0.4.1",
      "resolved": "https://registry.npmjs.org/browser-headers/-/browser-headers-0.4.1.tgz",
      "integrity": "sha512-CA9hsySZVo9371qEHjHZtYxV2cFtVj5Wj/ZHi8ooEsrtm4vOnl9Y9HmyYWk9q+05d7K3rdoAE0j3MVEFVvtQtg=="
    },
    "fs": {
      "version": "0.0.1-security",
      "resolved": "https://registry.npmjs.org/fs/-/fs-0.0.1-security.tgz",
      "integrity": "sha1-invTcYa23d84E/I4WLV+yq9eQdQ="
    },
    "google-protobuf": {
      "version": "3.11.1",
      "resolved": "https://registry.npmjs.org/google-protobuf/-/google-protobuf-3.11.1.tgz",
      "integrity": "sha512-1fdyssLSa7Dip+MDdluLl0uK+2rspgU1PrbdPJKt7hywqSl3+R27TkLYKuBn9dvOyr0VQ0cliQWlfMheW5WKqA=="
    },
    "ts-protoc-gen": {
      "version": "0.12.0",
      "resolved": "https://registry.npmjs.org/ts-protoc-gen/-/ts-protoc-gen-0.12.0.tgz",
      "integrity": "sha512-V7jnICJxKqalBrnJSMTW5tB9sGi48gOC325bfcM7TDNUItVOlaMM//rQmuo49ybipk/SyJTnWXgtJnhHCevNJw==",
      "requires": {
        "google-protobuf": "^3.6.1"
      }
    },
    "ws": {
      "version": "7.2.0",
      "resolved": "https://registry.npmjs.org/ws/-/ws-7.2.0.tgz",
      "integrity": "sha512-+SqNqFbwTm/0DC18KYzIsMTnEWpLwJsiasW/O17la4iDRRIO9uaHbvKiAS3AHgTiuuWerK/brj4O6MYZkei9xg==",
      "requires": {
        "async-limiter": "^1.0.0"
      }
    }
  }
}
